
Microsoft Visual Studio Solution File, Format Version 12.00
# Visual Studio 15
VisualStudioVersion = 15.0.26124.0
MinimumVisualStudioVersion = 15.0.26124.0
Project("{FAE04EC0-301F-11D3-BF4B-00C04F79EFBC}") = "Catalog.Api", "Catalog.Api\Catalog.Api.csproj", "{8F9D636E-4104-465B-9726-A0CBC0DC4AF2}"
EndProject
Project("{FAE04EC0-301F-11D3-BF4B-00C04F79EFBC}") = "Gateway.Api", "Gateway.Api\Gateway.Api.csproj", "{F9ABBA88-D4DB-44E8-8EC2-F0F5CF7923BB}"
EndProject
Project("{FAE04EC0-301F-11D3-BF4B-00C04F79EFBC}") = "Orders.Api", "Orders.Api\Orders.Api.csproj", "{3FB2568E-9CDE-43B6-A97D-64ED50C64A98}"
EndProject
Global
	GlobalSection(SolutionConfigurationPlatforms) = preSolution
		Debug|Any CPU = Debug|Any CPU
		Debug|x64 = Debug|x64
		Debug|x86 = Debug|x86
		Release|Any CPU = Release|Any CPU
		Release|x64 = Release|x64
		Release|x86 = Release|x86
	EndGlobalSection
	GlobalSection(SolutionProperties) = preSolution
		HideSolutionNode = FALSE
	EndGlobalSection
	GlobalSection(ProjectConfigurationPlatforms) = postSolution
		{8F9D636E-4104-465B-9726-A0CBC0DC4AF2}.Debug|Any CPU.ActiveCfg = Debug|Any CPU
		{8F9D636E-4104-465B-9726-A0CBC0DC4AF2}.Debug|Any CPU.Build.0 = Debug|Any CPU
		{8F9D636E-4104-465B-9726-A0CBC0DC4AF2}.Debug|x64.ActiveCfg = Debug|Any CPU
		{8F9D636E-4104-465B-9726-A0CBC0DC4AF2}.Debug|x64.Build.0 = Debug|Any CPU
		{8F9D636E-4104-465B-9726-A0CBC0DC4AF2}.Debug|x86.ActiveCfg = Debug|Any CPU
		{8F9D636E-4104-465B-9726-A0CBC0DC4AF2}.Debug|x86.Build.0 = Debug|Any CPU
		{8F9D636E-4104-465B-9726-A0CBC0DC4AF2}.Release|Any CPU.ActiveCfg = Release|Any CPU
		{8F9D636E-4104-465B-9726-A0CBC0DC4AF2}.Release|Any CPU.Build.0 = Release|Any CPU
		{8F9D636E-4104-465B-9726-A0CBC0DC4AF2}.Release|x64.ActiveCfg = Release|Any CPU
		{8F9D636E-4104-465B-9726-A0CBC0DC4AF2}.Release|x64.Build.0 = Release|Any CPU
		{8F9D636E-4104-465B-9726-A0CBC0DC4AF2}.Release|x86.ActiveCfg = Release|Any CPU
		{8F9D636E-4104-465B-9726-A0CBC0DC4AF2}.Release|x86.Build.0 = Release|Any CPU
		{F9ABBA88-D4DB-44E8-8EC2-F0F5CF7923BB}.Debug|Any CPU.ActiveCfg = Debug|Any CPU
		{F9ABBA88-D4DB-44E8-8EC2-F0F5CF7923BB}.Debug|Any CPU.Build.0 = Debug|Any CPU
		{F9ABBA88-D4DB-44E8-8EC2-F0F5CF7923BB}.Debug|x64.ActiveCfg = Debug|Any CPU
		{F9ABBA88-D4DB-44E8-8EC2-F0F5CF7923BB}.Debug|x64.Build.0 = Debug|Any CPU
		{F9ABBA88-D4DB-44E8-8EC2-F0F5CF7923BB}.Debug|x86.ActiveCfg = Debug|Any CPU
		{F9ABBA88-D4DB-44E8-8EC2-F0F5CF7923BB}.Debug|x86.Build.0 = Debug|Any CPU
		{F9ABBA88-D4DB-44E8-8EC2-F0F5CF7923BB}.Release|Any CPU.ActiveCfg = Release|Any CPU
		{F9ABBA88-D4DB-44E8-8EC2-F0F5CF7923BB}.Release|Any CPU.Build.0 = Release|Any CPU
		{F9ABBA88-D4DB-44E8-8EC2-F0F5CF7923BB}.Release|x64.ActiveCfg = Release|Any CPU
		{F9ABBA88-D4DB-44E8-8EC2-F0F5CF7923BB}.Release|x64.Build.0 = Release|Any CPU
		{F9ABBA88-D4DB-44E8-8EC2-F0F5CF7923BB}.Release|x86.ActiveCfg = Release|Any CPU
		{F9ABBA88-D4DB-44E8-8EC2-F0F5CF7923BB}.Release|x86.Build.0 = Release|Any CPU
		{3FB2568E-9CDE-43B6-A97D-64ED50C64A98}.Debug|Any CPU.ActiveCfg = Debug|Any CPU
		{3FB2568E-9CDE-43B6-A97D-64ED50C64A98}.Debug|Any CPU.Build.0 = Debug|Any CPU
		{3FB2568E-9CDE-43B6-A97D-64ED50C64A98}.Debug|x64.ActiveCfg = Debug|Any CPU
		{3FB2568E-9CDE-43B6-A97D-64ED50C64A98}.Debug|x64.Build.0 = Debug|Any CPU
		{3FB2568E-9CDE-43B6-A97D-64ED50C64A98}.Debug|x86.ActiveCfg = Debug|Any CPU
		{3FB2568E-9CDE-43B6-A97D-64ED50C64A98}.Debug|x86.Build.0 = Debug|Any CPU
		{3FB2568E-9CDE-43B6-A97D-64ED50C64A98}.Release|Any CPU.ActiveCfg = Release|Any CPU
		{3FB2568E-9CDE-43B6-A97D-64ED50C64A98}.Release|Any CPU.Build.0 = Release|Any CPU
		{3FB2568E-9CDE-43B6-A97D-64ED50C64A98}.Release|x64.ActiveCfg = Release|Any CPU
		{3FB2568E-9CDE-43B6-A97D-64ED50C64A98}.Release|x64.Build.0 = Release|Any CPU
		{3FB2568E-9CDE-43B6-A97D-64ED50C64A98}.Release|x86.ActiveCfg = Release|Any CPU
		{3FB2568E-9CDE-43B6-A97D-64ED50C64A98}.Release|x86.Build.0 = Release|Any CPU
	EndGlobalSection
EndGlobal
